// !$*UTF8*$!
{
	archiveVersion = 1;
	classes = {
	};
	objectVersion = 50;
	objects = {

/* Begin PBXBuildFile section */
		B40E58BF22B66CFA00F7B351 /* AppDelegate.swift in Sources */ = {isa = PBXBuildFile; fileRef = B40E58BE22B66CFA00F7B351 /* AppDelegate.swift */; };
		B40E58C122B66CFA00F7B351 /* ViewController.swift in Sources */ = {isa = PBXBuildFile; fileRef = B40E58C022B66CFA00F7B351 /* ViewController.swift */; };
		B40E58C422B66CFA00F7B351 /* Main.storyboard in Resources */ = {isa = PBXBuildFile; fileRef = B40E58C222B66CFA00F7B351 /* Main.storyboard */; };
		B40E58C622B66CFC00F7B351 /* Assets.xcassets in Resources */ = {isa = PBXBuildFile; fileRef = B40E58C522B66CFC00F7B351 /* Assets.xcassets */; };
		B40E58C922B66CFC00F7B351 /* LaunchScreen.storyboard in Resources */ = {isa = PBXBuildFile; fileRef = B40E58C722B66CFC00F7B351 /* LaunchScreen.storyboard */; };
		B40E58D122B66FDC00F7B351 /* RunViewController.swift in Sources */ = {isa = PBXBuildFile; fileRef = B40E58D022B66FDC00F7B351 /* RunViewController.swift */; };
		B40E58D322B66FE900F7B351 /* ScanViewController.swift in Sources */ = {isa = PBXBuildFile; fileRef = B40E58D222B66FE900F7B351 /* ScanViewController.swift */; };
		B40E58D522B66FF500F7B351 /* SwitchWiFiViewController.swift in Sources */ = {isa = PBXBuildFile; fileRef = B40E58D422B66FF500F7B351 /* SwitchWiFiViewController.swift */; };
/* End PBXBuildFile section */

/* Begin PBXFileReference section */
		B40E58BB22B66CFA00F7B351 /* Day22-3DTouchQuickAction.app */ = {isa = PBXFileReference; explicitFileType = wrapper.application; includeInIndex = 0; path = "Day22-3DTouchQuickAction.app"; sourceTree = BUILT_PRODUCTS_DIR; };
		B40E58BE22B66CFA00F7B351 /* AppDelegate.swift */ = {isa = PBXFileReference; lastKnownFileType = sourcecode.swift; path = AppDelegate.swift; sourceTree = "<group>"; };
		B40E58C022B66CFA00F7B351 /* ViewController.swift */ = {isa = PBXFileReference; lastKnownFileType = sourcecode.swift; path = ViewController.swift; sourceTree = "<group>"; };
		B40E58C322B66CFA00F7B351 /* Base */ = {isa = PBXFileReference; lastKnownFileType = file.storyboard; name = Base; path = Base.lproj/Main.storyboard; sourceTree = "<group>"; };
		B40E58C522B66CFC00F7B351 /* Assets.xcassets */ = {isa = PBXFileReference; lastKnownFileType = folder.assetcatalog; path = Assets.xcassets; sourceTree = "<group>"; };
		B40E58C822B66CFC00F7B351 /* Base */ = {isa = PBXFileReference; lastKnownFileType = file.storyboard; name = Base; path = Base.lproj/LaunchScreen.storyboard; sourceTree = "<group>"; };
		B40E58CA22B66CFC00F7B351 /* Info.plist */ = {isa = PBXFileReference; lastKnownFileType = text.plist.xml; path = Info.plist; sourceTree = "<group>"; };
		B40E58D022B66FDC00F7B351 /* RunViewController.swift */ = {isa = PBXFileReference; lastKnownFileType = sourcecode.swift; path = RunViewController.swift; sourceTree = "<group>"; };
		B40E58D222B66FE900F7B351 /* ScanViewController.swift */ = {isa = PBXFileReference; lastKnownFileType = sourcecode.swift; path = ScanViewController.swift; sourceTree = "<group>"; };
		B40E58D422B66FF500F7B351 /* SwitchWiFiViewController.swift */ = {isa = PBXFileReference; lastKnownFileType = sourcecode.swift; path = SwitchWiFiViewController.swift; sourceTree = "<group>"; };
/* End PBXFileReference section */

/* Begin PBXFrameworksBuildPhase section */
		B40E58B822B66CFA00F7B351 /* Frameworks */ = {
			isa = PBXFrameworksBuildPhase;
			buildActionMask = 2147483647;
			files = (
			);
			runOnlyForDeploymentPostprocessing = 0;
		};
/* End PBXFrameworksBuildPhase section */

/* Begin PBXGroup section */
		B40E58B222B66CFA00F7B351 = {
			isa = PBXGroup;
			children = (
				B40E58BD22B66CFA00F7B351 /* Day22-3DTouchQuickAction */,
				B40E58BC22B66CFA00F7B351 /* Products */,
			);
			sourceTree = "<group>";
		};
		B40E58BC22B66CFA00F7B351 /* Products */ = {
			isa = PBXGroup;
			children = (
				B40E58BB22B66CFA00F7B351 /* Day22-3DTouchQuickAction.app */,
			);
			name = Products;
			sourceTree = "<group>";
		};
		B40E58BD22B66CFA00F7B351 /* Day22-3DTouchQuickAction */ = {
			isa = PBXGroup;
			children = (
				B40E58BE22B66CFA00F7B351 /* AppDelegate.swift */,
				B40E58C022B66CFA00F7B351 /* ViewController.swift */,
				B40E58C222B66CFA00F7B351 /* Main.storyboard */,
				B40E58C522B66CFC00F7B351 /* Assets.xcassets */,
				B40E58C722B66CFC00F7B351 /* LaunchScreen.storyboard */,
				B40E58CA22B66CFC00F7B351 /* Info.plist */,
				B40E58D022B66FDC00F7B351 /* RunViewController.swift */,
				B40E58D222B66FE900F7B351 /* ScanViewController.swift */,
				B40E58D422B66FF500F7B351 /* SwitchWiFiViewController.swift */,
			);
			path = "Day22-3DTouchQuickAction";
			sourceTree = "<group>";
		};
/* End PBXGroup section */

/* Begin PBXNativeTarget section */
		B40E58BA22B66CFA00F7B351 /* Day22-3DTouchQuickAction */ = {
			isa = PBXNativeTarget;
			buildConfigurationList = B40E58CD22B66CFC00F7B351 /* Build configuration list for PBXNativeTarget "Day22-3DTouchQuickAction" */;
			buildPhases = (
				B40E58B722B66CFA00F7B351 /* Sources */,
				B40E58B822B66CFA00F7B351 /* Frameworks */,
				B40E58B922B66CFA00F7B351 /* Resources */,
			);
			buildRules = (
			);
			dependencies = (
			);
			name = "Day22-3DTouchQuickAction";
			productName = "Day22-3DTouchQuickAction";
			productReference = B40E58BB22B66CFA00F7B351 /* Day22-3DTouchQuickAction.app */;
			productType = "com.apple.product-type.application";
		};
/* End PBXNativeTarget section */

/* Begin PBXProject section */
		B40E58B322B66CFA00F7B351 /* Project object */ = {
			isa = PBXProject;
			attributes = {
				LastSwiftUpdateCheck = 1020;
				LastUpgradeCheck = 1020;
				ORGANIZATIONNAME = "王林";
				TargetAttributes = {
					B40E58BA22B66CFA00F7B351 = {
						CreatedOnToolsVersion = 10.2.1;
					};
				};
			};
			buildConfigurationList = B40E58B622B66CFA00F7B351 /* Build configuration list for PBXProject "Day22-3DTouchQuickAction" */;
			compatibilityVersion = "Xcode 9.3";
			developmentRegion = en;
			hasScannedForEncodings = 0;
			knownRegions = (
				en,
				Base,
			);
			mainGroup = B40E58B222B66CFA00F7B351;
			productRefGroup = B40E58BC22B66CFA00F7B351 /* Products */;
			projectDirPath = "";
			projectRoot = "";
			targets = (
				B40E58BA22B66CFA00F7B351 /* Day22-3DTouchQuickAction */,
			);
		};
/* End PBXProject section */

/* Begin PBXResourcesBuildPhase section */
		B40E58B922B66CFA00F7B351 /* Resources */ = {
			isa = PBXResourcesBuildPhase;
			buildActionMask = 2147483647;
			files = (
				B40E58C922B66CFC00F7B351 /* LaunchScreen.storyboard in Resources */,
				B40E58C622B66CFC00F7B351 /* Assets.xcassets in Resources */,
				B40E58C422B66CFA00F7B351 /* Main.storyboard in Resources */,
			);
			runOnlyForDeploymentPostprocessing = 0;
		};
/* End PBXResourcesBuildPhase section */

/* Begin PBXSourcesBuildPhase section */
		B40E58B722B66CFA00F7B351 /* Sources */ = {
			isa = PBXSourcesBuildPhase;
			buildActionMask = 2147483647;
			files = (
				B40E58D522B66FF500F7B351 /* SwitchWiFiViewController.swift in Sources */,
				B40E58C122B66CFA00F7B351 /* ViewController.swift in Sources */,
				B40E58D122B66FDC00F7B351 /* RunViewController.swift in Sources */,
				B40E58BF22B66CFA00F7B351 /* AppDelegate.swift in Sources */,
				B40E58D322B66FE900F7B351 /* ScanViewController.swift in Sources */,
			);
			runOnlyForDeploymentPostprocessing = 0;
		};
/* End PBXSourcesBuildPhase section */

/* Begin PBXVariantGroup section */
		B40E58C222B66CFA00F7B351 /* Main.storyboard */ = {
			isa = PBXVariantGroup;
			children = (
				B40E58C322B66CFA00F7B351 /* Base */,
			);
			name = Main.storyboard;
			sourceTree = "<group>";
		};
		B40E58C722B66CFC00F7B351 /* LaunchScreen.storyboard */ = {
			isa = PBXVariantGroup;
			children = (
				B40E58C822B66CFC00F7B351 /* Base */,
			);
			name = LaunchScreen.storyboard;
			sourceTree = "<group>";
		};
/* End PBXVariantGroup section */

/* Begin XCBuildConfiguration section */
		B40E58CB22B66CFC00F7B351 /* Debug */ = {
			isa = XCBuildConfiguration;
			buildSettings = {
				ALWAYS_SEARCH_USER_PATHS = NO;
				CLANG_ANALYZER_NONNULL = YES;
				CLANG_ANALYZER_NUMBER_OBJECT_CONVERSION = YES_AGGRESSIVE;
				CLANG_CXX_LANGUAGE_STANDARD = "gnu++14";
				CLANG_CXX_LIBRARY = "libc++";
				CLANG_ENABLE_MODULES = YES;
				CLANG_ENABLE_OBJC_ARC = YES;
				CLANG_ENABLE_OBJC_WEAK = YES;
				CLANG_WARN_BLOCK_CAPTURE_AUTORELEASING = YES;
				CLANG_WARN_BOOL_CONVERSION = YES;
				CLANG_WARN_COMMA = YES;
				CLANG_WARN_CONSTANT_CONVERSION = YES;
				CLANG_WARN_DEPRECATED_OBJC_IMPLEMENTATIONS = YES;
				CLANG_WARN_DIRECT_OBJC_ISA_USAGE = YES_ERROR;
				CLANG_WARN_DOCUMENTATION_COMMENTS = YES;
				CLANG_WARN_EMPTY_BODY = YES;
				CLANG_WARN_ENUM_CONVERSION = YES;
				CLANG_WARN_INFINITE_RECURSION = YES;
				CLANG_WARN_INT_CONVERSION = YES;
				CLANG_WARN_NON_LITERAL_NULL_CONVERSION = YES;
				CLANG_WARN_OBJC_IMPLICIT_RETAIN_SELF = YES;
				CLANG_WARN_OBJC_LITERAL_CONVERSION = YES;
				CLANG_WARN_OBJC_ROOT_CLASS = YES_ERROR;
				CLANG_WARN_RANGE_LOOP_ANALYSIS = YES;
				CLANG_WARN_STRICT_PROTOTYPES = YES;
				CLANG_WARN_SUSPICIOUS_MOVE = YES;
				CLANG_WARN_UNGUARDED_AVAILABILITY = YES_AGGRESSIVE;
				CLANG_WARN_UNREACHABLE_CODE = YES;
				CLANG_WARN__DUPLICATE_METHOD_MATCH = YES;
				CODE_SIGN_IDENTITY = "iPhone Developer";
				COPY_PHASE_STRIP = NO;
				DEBUG_INFORMATION_FORMAT = dwarf;
				ENABLE_STRICT_OBJC_MSGSEND = YES;
				ENABLE_TESTABILITY = YES;
				GCC_C_LANGUAGE_STANDARD = gnu11;
				GCC_DYNAMIC_NO_PIC = NO;
				GCC_NO_COMMON_BLOCKS = YES;
				GCC_OPTIMIZATION_LEVEL = 0;
				GCC_PREPROCESSOR_DEFINITIONS = (
					"DEBUG=1",
					"$(inherited)",
				);
				GCC_WARN_64_TO_32_BIT_CONVERSION = YES;
				GCC_WARN_ABOUT_RETURN_TYPE = YES_ERROR;
				GCC_WARN_UNDECLARED_SELECTOR = YES;
				GCC_WARN_UNINITIALIZED_AUTOS = YES_AGGRESSIVE;
				GCC_WARN_UNUSED_FUNCTION = YES;
				GCC_WARN_UNUSED_VARIABLE = YES;
				IPHONEOS_DEPLOYMENT_TARGET = 12.2;
				MTL_ENABLE_DEBUG_INFO = INCLUDE_SOURCE;
				MTL_FAST_MATH = YES;
				ONLY_ACTIVE_ARCH = YES;
				SDKROOT = iphoneos;
				SWIFT_ACTIVE_COMPILATION_CONDITIONS = DEBUG;
				SWIFT_OPTIMIZATION_LEVEL = "-Onone";
			};
			name = Debug;
		};
		B40E58CC22B66CFC00F7B351 /* Release */ = {
			isa = XCBuildConfiguration;
			buildSettings = {
				ALWAYS_SEARCH_USER_PATHS = NO;
				CLANG_ANALYZER_NONNULL = YES;
				CLANG_ANALYZER_NUMBER_OBJECT_CONVERSION = YES_AGGRESSIVE;
				CLANG_CXX_LANGUAGE_STANDARD = "gnu++14";
				CLANG_CXX_LIBRARY = "libc++";
				CLANG_ENABLE_MODULES = YES;
				CLANG_ENABLE_OBJC_ARC = YES;
				CLANG_ENABLE_OBJC_WEAK = YES;
				CLANG_WARN_BLOCK_CAPTURE_AUTORELEASING = YES;
				CLANG_WARN_BOOL_CONVERSION = YES;
				CLANG_WARN_COMMA = YES;
				CLANG_WARN_CONSTANT_CONVERSION = YES;
				CLANG_WARN_DEPRECATED_OBJC_IMPLEMENTATIONS = YES;
				CLANG_WARN_DIRECT_OBJC_ISA_USAGE = YES_ERROR;
				CLANG_WARN_DOCUMENTATION_COMMENTS = YES;
				CLANG_WARN_EMPTY_BODY = YES;
				CLANG_WARN_ENUM_CONVERSION = YES;
				CLANG_WARN_INFINITE_RECURSION = YES;
				CLANG_WARN_INT_CONVERSION = YES;
				CLANG_WARN_NON_LITERAL_NULL_CONVERSION = YES;
				CLANG_WARN_OBJC_IMPLICIT_RETAIN_SELF = YES;
				CLANG_WARN_OBJC_LITERAL_CONVERSION = YES;
				CLANG_WARN_OBJC_ROOT_CLASS = YES_ERROR;
				CLANG_WARN_RANGE_LOOP_ANALYSIS = YES;
				CLANG_WARN_STRICT_PROTOTYPES = YES;
				CLANG_WARN_SUSPICIOUS_MOVE = YES;
				CLANG_WARN_UNGUARDED_AVAILABILITY = YES_AGGRESSIVE;
				CLANG_WARN_UNREACHABLE_CODE = YES;
				CLANG_WARN__DUPLICATE_METHOD_MATCH = YES;
				CODE_SIGN_IDENTITY = "iPhone Developer";
				COPY_PHASE_STRIP = NO;
				DEBUG_INFORMATION_FORMAT = "dwarf-with-dsym";
				ENABLE_NS_ASSERTIONS = NO;
				ENABLE_STRICT_OBJC_MSGSEND = YES;
				GCC_C_LANGUAGE_STANDARD = gnu11;
				GCC_NO_COMMON_BLOCKS = YES;
				GCC_WARN_64_TO_32_BIT_CONVERSION = YES;
				GCC_WARN_ABOUT_RETURN_TYPE = YES_ERROR;
				GCC_WARN_UNDECLARED_SELECTOR = YES;
				GCC_WARN_UNINITIALIZED_AUTOS = YES_AGGRESSIVE;
				GCC_WARN_UNUSED_FUNCTION = YES;
				GCC_WARN_UNUSED_VARIABLE = YES;
				IPHONEOS_DEPLOYMENT_TARGET = 12.2;
				MTL_ENABLE_DEBUG_INFO = NO;
				MTL_FAST_MATH = YES;
				SDKROOT = iphoneos;
				SWIFT_COMPILATION_MODE = wholemodule;
				SWIFT_OPTIMIZATION_LEVEL = "-O";
				VALIDATE_PRODUCT = YES;
			};
			name = Release;
		};
		B40E58CE22B66CFC00F7B351 /* Debug */ = {
			isa = XCBuildConfiguration;
			buildSettings = {
				ASSETCATALOG_COMPILER_APPICON_NAME = AppIcon;
				CODE_SIGN_STYLE = Automatic;
				DEVELOPMENT_TEAM = 2PL2ZRQK8T;
				INFOPLIST_FILE = "Day22-3DTouchQuickAction/Info.plist";
				IPHONEOS_DEPLOYMENT_TARGET = 12.0;
				LD_RUNPATH_SEARCH_PATHS = (
					"$(inherited)",
					"@executable_path/Frameworks",
				);
				PRODUCT_BUNDLE_IDENTIFIER = "com.mumu.Day22-3DTouchQuickAction";
				PRODUCT_NAME = "$(TARGET_NAME)";
				SWIFT_VERSION = 5.0;
				TARGETED_DEVICE_FAMILY = "1,2";
			};
			name = Debug;
		};
		B40E58CF22B66CFC00F7B351 /* Release */ = {
			isa = XCBuildConfiguration;
			buildSettings = {
				ASSETCATALOG_COMPILER_APPICON_NAME = AppIcon;
				CODE_SIGN_STYLE = Automatic;
				DEVELOPMENT_TEAM = 2PL2ZRQK8T;
				INFOPLIST_FILE = "Day22-3DTouchQuickAction/Info.plist";
				IPHONEOS_DEPLOYMENT_TARGET = 12.0;
				LD_RUNPATH_SEARCH_PATHS = (
					"$(inherited)",
					"@executable_path/Frameworks",
				);
				PRODUCT_BUNDLE_IDENTIFIER = "com.mumu.Day22-3DTouchQuickAction";
				PRODUCT_NAME = "$(TARGET_NAME)";
				SWIFT_VERSION = 5.0;
				TARGETED_DEVICE_FAMILY = "1,2";
			};
			name = Release;
		};
/* End XCBuildConfiguration section */

/* Begin XCConfigurationList section */
		B40E58B622B66CFA00F7B351 /* Build configuration list for PBXProject "Day22-3DTouchQuickAction" */ = {
			isa = XCConfigurationList;
			buildConfigurations = (
				B40E58CB22B66CFC00F7B351 /* Debug */,
				B40E58CC22B66CFC00F7B351 /* Release */,
			);
			defaultConfigurationIsVisible = 0;
			defaultConfigurationName = Release;
		};
		B40E58CD22B66CFC00F7B351 /* Build configuration list for PBXNativeTarget "Day22-3DTouchQuickAction" */ = {
			isa = XCConfigurationList;
			buildConfigurations = (
				B40E58CE22B66CFC00F7B351 /* Debug */,
				B40E58CF22B66CFC00F7B351 /* Release */,
			);
			defaultConfigurationIsVisible = 0;
			defaultConfigurationName = Release;
		};
/* End XCConfigurationList section */
	};
	rootObject = B40E58B322B66CFA00F7B351 /* Project object */;
}
