// !$*UTF8*$!
{
	archiveVersion = 1;
	classes = {
	};
	objectVersion = 50;
	objects = {

/* Begin PBXBuildFile section */
		B414306222A69F2800666A88 /* AppDelegate.swift in Sources */ = {isa = PBXBuildFile; fileRef = B414306122A69F2800666A88 /* AppDelegate.swift */; };
		B414306722A69F2800666A88 /* Main.storyboard in Resources */ = {isa = PBXBuildFile; fileRef = B414306522A69F2800666A88 /* Main.storyboard */; };
		B414306922A69F2900666A88 /* Assets.xcassets in Resources */ = {isa = PBXBuildFile; fileRef = B414306822A69F2900666A88 /* Assets.xcassets */; };
		B414306C22A69F2900666A88 /* LaunchScreen.storyboard in Resources */ = {isa = PBXBuildFile; fileRef = B414306A22A69F2900666A88 /* LaunchScreen.storyboard */; };
		B414307422A6A00800666A88 /* NewsTableViewController.swift in Sources */ = {isa = PBXBuildFile; fileRef = B414307322A6A00800666A88 /* NewsTableViewController.swift */; };
		B414307622A6A07800666A88 /* BaseTableViewController.swift in Sources */ = {isa = PBXBuildFile; fileRef = B414307522A6A07800666A88 /* BaseTableViewController.swift */; };
		B414307A22A6CB1B00666A88 /* NewsTableViewCell.swift in Sources */ = {isa = PBXBuildFile; fileRef = B414307922A6CB1B00666A88 /* NewsTableViewCell.swift */; };
		B414307C22A6CD2C00666A88 /* MenuTableViewCell.swift in Sources */ = {isa = PBXBuildFile; fileRef = B414307B22A6CD2C00666A88 /* MenuTableViewCell.swift */; };
		B414307E22A6CF4200666A88 /* MenuTableViewController.swift in Sources */ = {isa = PBXBuildFile; fileRef = B414307D22A6CF4200666A88 /* MenuTableViewController.swift */; };
		B414308422A6D4DE00666A88 /* MenuTransitionManager.swift in Sources */ = {isa = PBXBuildFile; fileRef = B414308322A6D4DE00666A88 /* MenuTransitionManager.swift */; };
/* End PBXBuildFile section */

/* Begin PBXFileReference section */
		B414305E22A69F2800666A88 /* Day16-SlideMenu.app */ = {isa = PBXFileReference; explicitFileType = wrapper.application; includeInIndex = 0; path = "Day16-SlideMenu.app"; sourceTree = BUILT_PRODUCTS_DIR; };
		B414306122A69F2800666A88 /* AppDelegate.swift */ = {isa = PBXFileReference; lastKnownFileType = sourcecode.swift; path = AppDelegate.swift; sourceTree = "<group>"; };
		B414306622A69F2800666A88 /* Base */ = {isa = PBXFileReference; lastKnownFileType = file.storyboard; name = Base; path = Base.lproj/Main.storyboard; sourceTree = "<group>"; };
		B414306822A69F2900666A88 /* Assets.xcassets */ = {isa = PBXFileReference; lastKnownFileType = folder.assetcatalog; path = Assets.xcassets; sourceTree = "<group>"; };
		B414306B22A69F2900666A88 /* Base */ = {isa = PBXFileReference; lastKnownFileType = file.storyboard; name = Base; path = Base.lproj/LaunchScreen.storyboard; sourceTree = "<group>"; };
		B414306D22A69F2900666A88 /* Info.plist */ = {isa = PBXFileReference; lastKnownFileType = text.plist.xml; path = Info.plist; sourceTree = "<group>"; };
		B414307322A6A00800666A88 /* NewsTableViewController.swift */ = {isa = PBXFileReference; lastKnownFileType = sourcecode.swift; path = NewsTableViewController.swift; sourceTree = "<group>"; };
		B414307522A6A07800666A88 /* BaseTableViewController.swift */ = {isa = PBXFileReference; lastKnownFileType = sourcecode.swift; path = BaseTableViewController.swift; sourceTree = "<group>"; };
		B414307922A6CB1B00666A88 /* NewsTableViewCell.swift */ = {isa = PBXFileReference; lastKnownFileType = sourcecode.swift; path = NewsTableViewCell.swift; sourceTree = "<group>"; };
		B414307B22A6CD2C00666A88 /* MenuTableViewCell.swift */ = {isa = PBXFileReference; lastKnownFileType = sourcecode.swift; path = MenuTableViewCell.swift; sourceTree = "<group>"; };
		B414307D22A6CF4200666A88 /* MenuTableViewController.swift */ = {isa = PBXFileReference; lastKnownFileType = sourcecode.swift; path = MenuTableViewController.swift; sourceTree = "<group>"; };
		B414308322A6D4DE00666A88 /* MenuTransitionManager.swift */ = {isa = PBXFileReference; lastKnownFileType = sourcecode.swift; path = MenuTransitionManager.swift; sourceTree = "<group>"; };
/* End PBXFileReference section */

/* Begin PBXFrameworksBuildPhase section */
		B414305B22A69F2800666A88 /* Frameworks */ = {
			isa = PBXFrameworksBuildPhase;
			buildActionMask = 2147483647;
			files = (
			);
			runOnlyForDeploymentPostprocessing = 0;
		};
/* End PBXFrameworksBuildPhase section */

/* Begin PBXGroup section */
		B414305522A69F2800666A88 = {
			isa = PBXGroup;
			children = (
				B414306022A69F2800666A88 /* Day16-SlideMenu */,
				B414305F22A69F2800666A88 /* Products */,
			);
			sourceTree = "<group>";
		};
		B414305F22A69F2800666A88 /* Products */ = {
			isa = PBXGroup;
			children = (
				B414305E22A69F2800666A88 /* Day16-SlideMenu.app */,
			);
			name = Products;
			sourceTree = "<group>";
		};
		B414306022A69F2800666A88 /* Day16-SlideMenu */ = {
			isa = PBXGroup;
			children = (
				B414307722A6CA1200666A88 /* Controller */,
				B414308222A6D4BA00666A88 /* View */,
				B414307F22A6D46400666A88 /* Manager */,
				B414306122A69F2800666A88 /* AppDelegate.swift */,
				B414306522A69F2800666A88 /* Main.storyboard */,
				B414306822A69F2900666A88 /* Assets.xcassets */,
				B414306A22A69F2900666A88 /* LaunchScreen.storyboard */,
				B414306D22A69F2900666A88 /* Info.plist */,
			);
			path = "Day16-SlideMenu";
			sourceTree = "<group>";
		};
		B414307722A6CA1200666A88 /* Controller */ = {
			isa = PBXGroup;
			children = (
				B414307322A6A00800666A88 /* NewsTableViewController.swift */,
				B414307D22A6CF4200666A88 /* MenuTableViewController.swift */,
				B414307522A6A07800666A88 /* BaseTableViewController.swift */,
			);
			name = Controller;
			sourceTree = "<group>";
		};
		B414307F22A6D46400666A88 /* Manager */ = {
			isa = PBXGroup;
			children = (
				B414308322A6D4DE00666A88 /* MenuTransitionManager.swift */,
			);
			name = Manager;
			sourceTree = "<group>";
		};
		B414308222A6D4BA00666A88 /* View */ = {
			isa = PBXGroup;
			children = (
				B414307922A6CB1B00666A88 /* NewsTableViewCell.swift */,
				B414307B22A6CD2C00666A88 /* MenuTableViewCell.swift */,
			);
			name = View;
			sourceTree = "<group>";
		};
/* End PBXGroup section */

/* Begin PBXNativeTarget section */
		B414305D22A69F2800666A88 /* Day16-SlideMenu */ = {
			isa = PBXNativeTarget;
			buildConfigurationList = B414307022A69F2900666A88 /* Build configuration list for PBXNativeTarget "Day16-SlideMenu" */;
			buildPhases = (
				B414305A22A69F2800666A88 /* Sources */,
				B414305B22A69F2800666A88 /* Frameworks */,
				B414305C22A69F2800666A88 /* Resources */,
			);
			buildRules = (
			);
			dependencies = (
			);
			name = "Day16-SlideMenu";
			productName = "Day16-SlideMenu";
			productReference = B414305E22A69F2800666A88 /* Day16-SlideMenu.app */;
			productType = "com.apple.product-type.application";
		};
/* End PBXNativeTarget section */

/* Begin PBXProject section */
		B414305622A69F2800666A88 /* Project object */ = {
			isa = PBXProject;
			attributes = {
				LastSwiftUpdateCheck = 1020;
				LastUpgradeCheck = 1020;
				ORGANIZATIONNAME = "王林";
				TargetAttributes = {
					B414305D22A69F2800666A88 = {
						CreatedOnToolsVersion = 10.2.1;
					};
				};
			};
			buildConfigurationList = B414305922A69F2800666A88 /* Build configuration list for PBXProject "Day16-SlideMenu" */;
			compatibilityVersion = "Xcode 9.3";
			developmentRegion = en;
			hasScannedForEncodings = 0;
			knownRegions = (
				en,
				Base,
			);
			mainGroup = B414305522A69F2800666A88;
			productRefGroup = B414305F22A69F2800666A88 /* Products */;
			projectDirPath = "";
			projectRoot = "";
			targets = (
				B414305D22A69F2800666A88 /* Day16-SlideMenu */,
			);
		};
/* End PBXProject section */

/* Begin PBXResourcesBuildPhase section */
		B414305C22A69F2800666A88 /* Resources */ = {
			isa = PBXResourcesBuildPhase;
			buildActionMask = 2147483647;
			files = (
				B414306C22A69F2900666A88 /* LaunchScreen.storyboard in Resources */,
				B414306922A69F2900666A88 /* Assets.xcassets in Resources */,
				B414306722A69F2800666A88 /* Main.storyboard in Resources */,
			);
			runOnlyForDeploymentPostprocessing = 0;
		};
/* End PBXResourcesBuildPhase section */

/* Begin PBXSourcesBuildPhase section */
		B414305A22A69F2800666A88 /* Sources */ = {
			isa = PBXSourcesBuildPhase;
			buildActionMask = 2147483647;
			files = (
				B414307622A6A07800666A88 /* BaseTableViewController.swift in Sources */,
				B414307422A6A00800666A88 /* NewsTableViewController.swift in Sources */,
				B414307E22A6CF4200666A88 /* MenuTableViewController.swift in Sources */,
				B414307A22A6CB1B00666A88 /* NewsTableViewCell.swift in Sources */,
				B414306222A69F2800666A88 /* AppDelegate.swift in Sources */,
				B414308422A6D4DE00666A88 /* MenuTransitionManager.swift in Sources */,
				B414307C22A6CD2C00666A88 /* MenuTableViewCell.swift in Sources */,
			);
			runOnlyForDeploymentPostprocessing = 0;
		};
/* End PBXSourcesBuildPhase section */

/* Begin PBXVariantGroup section */
		B414306522A69F2800666A88 /* Main.storyboard */ = {
			isa = PBXVariantGroup;
			children = (
				B414306622A69F2800666A88 /* Base */,
			);
			name = Main.storyboard;
			sourceTree = "<group>";
		};
		B414306A22A69F2900666A88 /* LaunchScreen.storyboard */ = {
			isa = PBXVariantGroup;
			children = (
				B414306B22A69F2900666A88 /* Base */,
			);
			name = LaunchScreen.storyboard;
			sourceTree = "<group>";
		};
/* End PBXVariantGroup section */

/* Begin XCBuildConfiguration section */
		B414306E22A69F2900666A88 /* Debug */ = {
			isa = XCBuildConfiguration;
			buildSettings = {
				ALWAYS_SEARCH_USER_PATHS = NO;
				CLANG_ANALYZER_NONNULL = YES;
				CLANG_ANALYZER_NUMBER_OBJECT_CONVERSION = YES_AGGRESSIVE;
				CLANG_CXX_LANGUAGE_STANDARD = "gnu++14";
				CLANG_CXX_LIBRARY = "libc++";
				CLANG_ENABLE_MODULES = YES;
				CLANG_ENABLE_OBJC_ARC = YES;
				CLANG_ENABLE_OBJC_WEAK = YES;
				CLANG_WARN_BLOCK_CAPTURE_AUTORELEASING = YES;
				CLANG_WARN_BOOL_CONVERSION = YES;
				CLANG_WARN_COMMA = YES;
				CLANG_WARN_CONSTANT_CONVERSION = YES;
				CLANG_WARN_DEPRECATED_OBJC_IMPLEMENTATIONS = YES;
				CLANG_WARN_DIRECT_OBJC_ISA_USAGE = YES_ERROR;
				CLANG_WARN_DOCUMENTATION_COMMENTS = YES;
				CLANG_WARN_EMPTY_BODY = YES;
				CLANG_WARN_ENUM_CONVERSION = YES;
				CLANG_WARN_INFINITE_RECURSION = YES;
				CLANG_WARN_INT_CONVERSION = YES;
				CLANG_WARN_NON_LITERAL_NULL_CONVERSION = YES;
				CLANG_WARN_OBJC_IMPLICIT_RETAIN_SELF = YES;
				CLANG_WARN_OBJC_LITERAL_CONVERSION = YES;
				CLANG_WARN_OBJC_ROOT_CLASS = YES_ERROR;
				CLANG_WARN_RANGE_LOOP_ANALYSIS = YES;
				CLANG_WARN_STRICT_PROTOTYPES = YES;
				CLANG_WARN_SUSPICIOUS_MOVE = YES;
				CLANG_WARN_UNGUARDED_AVAILABILITY = YES_AGGRESSIVE;
				CLANG_WARN_UNREACHABLE_CODE = YES;
				CLANG_WARN__DUPLICATE_METHOD_MATCH = YES;
				CODE_SIGN_IDENTITY = "iPhone Developer";
				COPY_PHASE_STRIP = NO;
				DEBUG_INFORMATION_FORMAT = dwarf;
				ENABLE_STRICT_OBJC_MSGSEND = YES;
				ENABLE_TESTABILITY = YES;
				GCC_C_LANGUAGE_STANDARD = gnu11;
				GCC_DYNAMIC_NO_PIC = NO;
				GCC_NO_COMMON_BLOCKS = YES;
				GCC_OPTIMIZATION_LEVEL = 0;
				GCC_PREPROCESSOR_DEFINITIONS = (
					"DEBUG=1",
					"$(inherited)",
				);
				GCC_WARN_64_TO_32_BIT_CONVERSION = YES;
				GCC_WARN_ABOUT_RETURN_TYPE = YES_ERROR;
				GCC_WARN_UNDECLARED_SELECTOR = YES;
				GCC_WARN_UNINITIALIZED_AUTOS = YES_AGGRESSIVE;
				GCC_WARN_UNUSED_FUNCTION = YES;
				GCC_WARN_UNUSED_VARIABLE = YES;
				IPHONEOS_DEPLOYMENT_TARGET = 12.2;
				MTL_ENABLE_DEBUG_INFO = INCLUDE_SOURCE;
				MTL_FAST_MATH = YES;
				ONLY_ACTIVE_ARCH = YES;
				SDKROOT = iphoneos;
				SWIFT_ACTIVE_COMPILATION_CONDITIONS = DEBUG;
				SWIFT_OPTIMIZATION_LEVEL = "-Onone";
			};
			name = Debug;
		};
		B414306F22A69F2900666A88 /* Release */ = {
			isa = XCBuildConfiguration;
			buildSettings = {
				ALWAYS_SEARCH_USER_PATHS = NO;
				CLANG_ANALYZER_NONNULL = YES;
				CLANG_ANALYZER_NUMBER_OBJECT_CONVERSION = YES_AGGRESSIVE;
				CLANG_CXX_LANGUAGE_STANDARD = "gnu++14";
				CLANG_CXX_LIBRARY = "libc++";
				CLANG_ENABLE_MODULES = YES;
				CLANG_ENABLE_OBJC_ARC = YES;
				CLANG_ENABLE_OBJC_WEAK = YES;
				CLANG_WARN_BLOCK_CAPTURE_AUTORELEASING = YES;
				CLANG_WARN_BOOL_CONVERSION = YES;
				CLANG_WARN_COMMA = YES;
				CLANG_WARN_CONSTANT_CONVERSION = YES;
				CLANG_WARN_DEPRECATED_OBJC_IMPLEMENTATIONS = YES;
				CLANG_WARN_DIRECT_OBJC_ISA_USAGE = YES_ERROR;
				CLANG_WARN_DOCUMENTATION_COMMENTS = YES;
				CLANG_WARN_EMPTY_BODY = YES;
				CLANG_WARN_ENUM_CONVERSION = YES;
				CLANG_WARN_INFINITE_RECURSION = YES;
				CLANG_WARN_INT_CONVERSION = YES;
				CLANG_WARN_NON_LITERAL_NULL_CONVERSION = YES;
				CLANG_WARN_OBJC_IMPLICIT_RETAIN_SELF = YES;
				CLANG_WARN_OBJC_LITERAL_CONVERSION = YES;
				CLANG_WARN_OBJC_ROOT_CLASS = YES_ERROR;
				CLANG_WARN_RANGE_LOOP_ANALYSIS = YES;
				CLANG_WARN_STRICT_PROTOTYPES = YES;
				CLANG_WARN_SUSPICIOUS_MOVE = YES;
				CLANG_WARN_UNGUARDED_AVAILABILITY = YES_AGGRESSIVE;
				CLANG_WARN_UNREACHABLE_CODE = YES;
				CLANG_WARN__DUPLICATE_METHOD_MATCH = YES;
				CODE_SIGN_IDENTITY = "iPhone Developer";
				COPY_PHASE_STRIP = NO;
				DEBUG_INFORMATION_FORMAT = "dwarf-with-dsym";
				ENABLE_NS_ASSERTIONS = NO;
				ENABLE_STRICT_OBJC_MSGSEND = YES;
				GCC_C_LANGUAGE_STANDARD = gnu11;
				GCC_NO_COMMON_BLOCKS = YES;
				GCC_WARN_64_TO_32_BIT_CONVERSION = YES;
				GCC_WARN_ABOUT_RETURN_TYPE = YES_ERROR;
				GCC_WARN_UNDECLARED_SELECTOR = YES;
				GCC_WARN_UNINITIALIZED_AUTOS = YES_AGGRESSIVE;
				GCC_WARN_UNUSED_FUNCTION = YES;
				GCC_WARN_UNUSED_VARIABLE = YES;
				IPHONEOS_DEPLOYMENT_TARGET = 12.2;
				MTL_ENABLE_DEBUG_INFO = NO;
				MTL_FAST_MATH = YES;
				SDKROOT = iphoneos;
				SWIFT_COMPILATION_MODE = wholemodule;
				SWIFT_OPTIMIZATION_LEVEL = "-O";
				VALIDATE_PRODUCT = YES;
			};
			name = Release;
		};
		B414307122A69F2900666A88 /* Debug */ = {
			isa = XCBuildConfiguration;
			buildSettings = {
				ASSETCATALOG_COMPILER_APPICON_NAME = AppIcon;
				CODE_SIGN_STYLE = Automatic;
				DEVELOPMENT_TEAM = 2PL2ZRQK8T;
				INFOPLIST_FILE = "Day16-SlideMenu/Info.plist";
				LD_RUNPATH_SEARCH_PATHS = (
					"$(inherited)",
					"@executable_path/Frameworks",
				);
				PRODUCT_BUNDLE_IDENTIFIER = "com.mumu.Day16-SlideMenu";
				PRODUCT_NAME = "$(TARGET_NAME)";
				SWIFT_VERSION = 5.0;
				TARGETED_DEVICE_FAMILY = "1,2";
			};
			name = Debug;
		};
		B414307222A69F2900666A88 /* Release */ = {
			isa = XCBuildConfiguration;
			buildSettings = {
				ASSETCATALOG_COMPILER_APPICON_NAME = AppIcon;
				CODE_SIGN_STYLE = Automatic;
				DEVELOPMENT_TEAM = 2PL2ZRQK8T;
				INFOPLIST_FILE = "Day16-SlideMenu/Info.plist";
				LD_RUNPATH_SEARCH_PATHS = (
					"$(inherited)",
					"@executable_path/Frameworks",
				);
				PRODUCT_BUNDLE_IDENTIFIER = "com.mumu.Day16-SlideMenu";
				PRODUCT_NAME = "$(TARGET_NAME)";
				SWIFT_VERSION = 5.0;
				TARGETED_DEVICE_FAMILY = "1,2";
			};
			name = Release;
		};
/* End XCBuildConfiguration section */

/* Begin XCConfigurationList section */
		B414305922A69F2800666A88 /* Build configuration list for PBXProject "Day16-SlideMenu" */ = {
			isa = XCConfigurationList;
			buildConfigurations = (
				B414306E22A69F2900666A88 /* Debug */,
				B414306F22A69F2900666A88 /* Release */,
			);
			defaultConfigurationIsVisible = 0;
			defaultConfigurationName = Release;
		};
		B414307022A69F2900666A88 /* Build configuration list for PBXNativeTarget "Day16-SlideMenu" */ = {
			isa = XCConfigurationList;
			buildConfigurations = (
				B414307122A69F2900666A88 /* Debug */,
				B414307222A69F2900666A88 /* Release */,
			);
			defaultConfigurationIsVisible = 0;
			defaultConfigurationName = Release;
		};
/* End XCConfigurationList section */
	};
	rootObject = B414305622A69F2800666A88 /* Project object */;
}
