// !$*UTF8*$!
{
	archiveVersion = 1;
	classes = {
	};
	objectVersion = 50;
	objects = {

/* Begin PBXBuildFile section */
		B414309222AD284600666A88 /* AppDelegate.swift in Sources */ = {isa = PBXBuildFile; fileRef = B414309122AD284600666A88 /* AppDelegate.swift */; };
		B414309422AD284600666A88 /* ViewController.swift in Sources */ = {isa = PBXBuildFile; fileRef = B414309322AD284600666A88 /* ViewController.swift */; };
		B414309722AD284600666A88 /* Main.storyboard in Resources */ = {isa = PBXBuildFile; fileRef = B414309522AD284600666A88 /* Main.storyboard */; };
		B414309922AD284800666A88 /* Assets.xcassets in Resources */ = {isa = PBXBuildFile; fileRef = B414309822AD284800666A88 /* Assets.xcassets */; };
		B414309C22AD284800666A88 /* LaunchScreen.storyboard in Resources */ = {isa = PBXBuildFile; fileRef = B414309A22AD284800666A88 /* LaunchScreen.storyboard */; };
		B41430A422AD289300666A88 /* BaseViewController.swift in Sources */ = {isa = PBXBuildFile; fileRef = B41430A322AD289300666A88 /* BaseViewController.swift */; };
		B41430A622AD38E500666A88 /* MenuViewController.swift in Sources */ = {isa = PBXBuildFile; fileRef = B41430A522AD38E500666A88 /* MenuViewController.swift */; };
		B41430A822AD3DA200666A88 /* MenuTransitionManager.swift in Sources */ = {isa = PBXBuildFile; fileRef = B41430A722AD3DA200666A88 /* MenuTransitionManager.swift */; };
/* End PBXBuildFile section */

/* Begin PBXFileReference section */
		B414308E22AD284600666A88 /* Day17-TumblrMenu.app */ = {isa = PBXFileReference; explicitFileType = wrapper.application; includeInIndex = 0; path = "Day17-TumblrMenu.app"; sourceTree = BUILT_PRODUCTS_DIR; };
		B414309122AD284600666A88 /* AppDelegate.swift */ = {isa = PBXFileReference; lastKnownFileType = sourcecode.swift; path = AppDelegate.swift; sourceTree = "<group>"; };
		B414309322AD284600666A88 /* ViewController.swift */ = {isa = PBXFileReference; lastKnownFileType = sourcecode.swift; path = ViewController.swift; sourceTree = "<group>"; };
		B414309622AD284600666A88 /* Base */ = {isa = PBXFileReference; lastKnownFileType = file.storyboard; name = Base; path = Base.lproj/Main.storyboard; sourceTree = "<group>"; };
		B414309822AD284800666A88 /* Assets.xcassets */ = {isa = PBXFileReference; lastKnownFileType = folder.assetcatalog; path = Assets.xcassets; sourceTree = "<group>"; };
		B414309B22AD284800666A88 /* Base */ = {isa = PBXFileReference; lastKnownFileType = file.storyboard; name = Base; path = Base.lproj/LaunchScreen.storyboard; sourceTree = "<group>"; };
		B414309D22AD284800666A88 /* Info.plist */ = {isa = PBXFileReference; lastKnownFileType = text.plist.xml; path = Info.plist; sourceTree = "<group>"; };
		B41430A322AD289300666A88 /* BaseViewController.swift */ = {isa = PBXFileReference; lastKnownFileType = sourcecode.swift; path = BaseViewController.swift; sourceTree = "<group>"; };
		B41430A522AD38E500666A88 /* MenuViewController.swift */ = {isa = PBXFileReference; lastKnownFileType = sourcecode.swift; path = MenuViewController.swift; sourceTree = "<group>"; };
		B41430A722AD3DA200666A88 /* MenuTransitionManager.swift */ = {isa = PBXFileReference; lastKnownFileType = sourcecode.swift; path = MenuTransitionManager.swift; sourceTree = "<group>"; };
/* End PBXFileReference section */

/* Begin PBXFrameworksBuildPhase section */
		B414308B22AD284600666A88 /* Frameworks */ = {
			isa = PBXFrameworksBuildPhase;
			buildActionMask = 2147483647;
			files = (
			);
			runOnlyForDeploymentPostprocessing = 0;
		};
/* End PBXFrameworksBuildPhase section */

/* Begin PBXGroup section */
		B414308522AD284600666A88 = {
			isa = PBXGroup;
			children = (
				B414309022AD284600666A88 /* Day17-TumblrMenu */,
				B414308F22AD284600666A88 /* Products */,
			);
			sourceTree = "<group>";
		};
		B414308F22AD284600666A88 /* Products */ = {
			isa = PBXGroup;
			children = (
				B414308E22AD284600666A88 /* Day17-TumblrMenu.app */,
			);
			name = Products;
			sourceTree = "<group>";
		};
		B414309022AD284600666A88 /* Day17-TumblrMenu */ = {
			isa = PBXGroup;
			children = (
				B414309122AD284600666A88 /* AppDelegate.swift */,
				B414309322AD284600666A88 /* ViewController.swift */,
				B41430A522AD38E500666A88 /* MenuViewController.swift */,
				B414309522AD284600666A88 /* Main.storyboard */,
				B414309822AD284800666A88 /* Assets.xcassets */,
				B414309A22AD284800666A88 /* LaunchScreen.storyboard */,
				B414309D22AD284800666A88 /* Info.plist */,
				B41430A322AD289300666A88 /* BaseViewController.swift */,
				B41430A722AD3DA200666A88 /* MenuTransitionManager.swift */,
			);
			path = "Day17-TumblrMenu";
			sourceTree = "<group>";
		};
/* End PBXGroup section */

/* Begin PBXNativeTarget section */
		B414308D22AD284600666A88 /* Day17-TumblrMenu */ = {
			isa = PBXNativeTarget;
			buildConfigurationList = B41430A022AD284800666A88 /* Build configuration list for PBXNativeTarget "Day17-TumblrMenu" */;
			buildPhases = (
				B414308A22AD284600666A88 /* Sources */,
				B414308B22AD284600666A88 /* Frameworks */,
				B414308C22AD284600666A88 /* Resources */,
			);
			buildRules = (
			);
			dependencies = (
			);
			name = "Day17-TumblrMenu";
			productName = "Day17-TumblrMenu";
			productReference = B414308E22AD284600666A88 /* Day17-TumblrMenu.app */;
			productType = "com.apple.product-type.application";
		};
/* End PBXNativeTarget section */

/* Begin PBXProject section */
		B414308622AD284600666A88 /* Project object */ = {
			isa = PBXProject;
			attributes = {
				LastSwiftUpdateCheck = 1020;
				LastUpgradeCheck = 1020;
				ORGANIZATIONNAME = "王林";
				TargetAttributes = {
					B414308D22AD284600666A88 = {
						CreatedOnToolsVersion = 10.2.1;
					};
				};
			};
			buildConfigurationList = B414308922AD284600666A88 /* Build configuration list for PBXProject "Day17-TumblrMenu" */;
			compatibilityVersion = "Xcode 9.3";
			developmentRegion = en;
			hasScannedForEncodings = 0;
			knownRegions = (
				en,
				Base,
			);
			mainGroup = B414308522AD284600666A88;
			productRefGroup = B414308F22AD284600666A88 /* Products */;
			projectDirPath = "";
			projectRoot = "";
			targets = (
				B414308D22AD284600666A88 /* Day17-TumblrMenu */,
			);
		};
/* End PBXProject section */

/* Begin PBXResourcesBuildPhase section */
		B414308C22AD284600666A88 /* Resources */ = {
			isa = PBXResourcesBuildPhase;
			buildActionMask = 2147483647;
			files = (
				B414309C22AD284800666A88 /* LaunchScreen.storyboard in Resources */,
				B414309922AD284800666A88 /* Assets.xcassets in Resources */,
				B414309722AD284600666A88 /* Main.storyboard in Resources */,
			);
			runOnlyForDeploymentPostprocessing = 0;
		};
/* End PBXResourcesBuildPhase section */

/* Begin PBXSourcesBuildPhase section */
		B414308A22AD284600666A88 /* Sources */ = {
			isa = PBXSourcesBuildPhase;
			buildActionMask = 2147483647;
			files = (
				B414309422AD284600666A88 /* ViewController.swift in Sources */,
				B414309222AD284600666A88 /* AppDelegate.swift in Sources */,
				B41430A822AD3DA200666A88 /* MenuTransitionManager.swift in Sources */,
				B41430A422AD289300666A88 /* BaseViewController.swift in Sources */,
				B41430A622AD38E500666A88 /* MenuViewController.swift in Sources */,
			);
			runOnlyForDeploymentPostprocessing = 0;
		};
/* End PBXSourcesBuildPhase section */

/* Begin PBXVariantGroup section */
		B414309522AD284600666A88 /* Main.storyboard */ = {
			isa = PBXVariantGroup;
			children = (
				B414309622AD284600666A88 /* Base */,
			);
			name = Main.storyboard;
			sourceTree = "<group>";
		};
		B414309A22AD284800666A88 /* LaunchScreen.storyboard */ = {
			isa = PBXVariantGroup;
			children = (
				B414309B22AD284800666A88 /* Base */,
			);
			name = LaunchScreen.storyboard;
			sourceTree = "<group>";
		};
/* End PBXVariantGroup section */

/* Begin XCBuildConfiguration section */
		B414309E22AD284800666A88 /* Debug */ = {
			isa = XCBuildConfiguration;
			buildSettings = {
				ALWAYS_SEARCH_USER_PATHS = NO;
				CLANG_ANALYZER_NONNULL = YES;
				CLANG_ANALYZER_NUMBER_OBJECT_CONVERSION = YES_AGGRESSIVE;
				CLANG_CXX_LANGUAGE_STANDARD = "gnu++14";
				CLANG_CXX_LIBRARY = "libc++";
				CLANG_ENABLE_MODULES = YES;
				CLANG_ENABLE_OBJC_ARC = YES;
				CLANG_ENABLE_OBJC_WEAK = YES;
				CLANG_WARN_BLOCK_CAPTURE_AUTORELEASING = YES;
				CLANG_WARN_BOOL_CONVERSION = YES;
				CLANG_WARN_COMMA = YES;
				CLANG_WARN_CONSTANT_CONVERSION = YES;
				CLANG_WARN_DEPRECATED_OBJC_IMPLEMENTATIONS = YES;
				CLANG_WARN_DIRECT_OBJC_ISA_USAGE = YES_ERROR;
				CLANG_WARN_DOCUMENTATION_COMMENTS = YES;
				CLANG_WARN_EMPTY_BODY = YES;
				CLANG_WARN_ENUM_CONVERSION = YES;
				CLANG_WARN_INFINITE_RECURSION = YES;
				CLANG_WARN_INT_CONVERSION = YES;
				CLANG_WARN_NON_LITERAL_NULL_CONVERSION = YES;
				CLANG_WARN_OBJC_IMPLICIT_RETAIN_SELF = YES;
				CLANG_WARN_OBJC_LITERAL_CONVERSION = YES;
				CLANG_WARN_OBJC_ROOT_CLASS = YES_ERROR;
				CLANG_WARN_RANGE_LOOP_ANALYSIS = YES;
				CLANG_WARN_STRICT_PROTOTYPES = YES;
				CLANG_WARN_SUSPICIOUS_MOVE = YES;
				CLANG_WARN_UNGUARDED_AVAILABILITY = YES_AGGRESSIVE;
				CLANG_WARN_UNREACHABLE_CODE = YES;
				CLANG_WARN__DUPLICATE_METHOD_MATCH = YES;
				CODE_SIGN_IDENTITY = "iPhone Developer";
				COPY_PHASE_STRIP = NO;
				DEBUG_INFORMATION_FORMAT = dwarf;
				ENABLE_STRICT_OBJC_MSGSEND = YES;
				ENABLE_TESTABILITY = YES;
				GCC_C_LANGUAGE_STANDARD = gnu11;
				GCC_DYNAMIC_NO_PIC = NO;
				GCC_NO_COMMON_BLOCKS = YES;
				GCC_OPTIMIZATION_LEVEL = 0;
				GCC_PREPROCESSOR_DEFINITIONS = (
					"DEBUG=1",
					"$(inherited)",
				);
				GCC_WARN_64_TO_32_BIT_CONVERSION = YES;
				GCC_WARN_ABOUT_RETURN_TYPE = YES_ERROR;
				GCC_WARN_UNDECLARED_SELECTOR = YES;
				GCC_WARN_UNINITIALIZED_AUTOS = YES_AGGRESSIVE;
				GCC_WARN_UNUSED_FUNCTION = YES;
				GCC_WARN_UNUSED_VARIABLE = YES;
				IPHONEOS_DEPLOYMENT_TARGET = 12.2;
				MTL_ENABLE_DEBUG_INFO = INCLUDE_SOURCE;
				MTL_FAST_MATH = YES;
				ONLY_ACTIVE_ARCH = YES;
				SDKROOT = iphoneos;
				SWIFT_ACTIVE_COMPILATION_CONDITIONS = DEBUG;
				SWIFT_OPTIMIZATION_LEVEL = "-Onone";
			};
			name = Debug;
		};
		B414309F22AD284800666A88 /* Release */ = {
			isa = XCBuildConfiguration;
			buildSettings = {
				ALWAYS_SEARCH_USER_PATHS = NO;
				CLANG_ANALYZER_NONNULL = YES;
				CLANG_ANALYZER_NUMBER_OBJECT_CONVERSION = YES_AGGRESSIVE;
				CLANG_CXX_LANGUAGE_STANDARD = "gnu++14";
				CLANG_CXX_LIBRARY = "libc++";
				CLANG_ENABLE_MODULES = YES;
				CLANG_ENABLE_OBJC_ARC = YES;
				CLANG_ENABLE_OBJC_WEAK = YES;
				CLANG_WARN_BLOCK_CAPTURE_AUTORELEASING = YES;
				CLANG_WARN_BOOL_CONVERSION = YES;
				CLANG_WARN_COMMA = YES;
				CLANG_WARN_CONSTANT_CONVERSION = YES;
				CLANG_WARN_DEPRECATED_OBJC_IMPLEMENTATIONS = YES;
				CLANG_WARN_DIRECT_OBJC_ISA_USAGE = YES_ERROR;
				CLANG_WARN_DOCUMENTATION_COMMENTS = YES;
				CLANG_WARN_EMPTY_BODY = YES;
				CLANG_WARN_ENUM_CONVERSION = YES;
				CLANG_WARN_INFINITE_RECURSION = YES;
				CLANG_WARN_INT_CONVERSION = YES;
				CLANG_WARN_NON_LITERAL_NULL_CONVERSION = YES;
				CLANG_WARN_OBJC_IMPLICIT_RETAIN_SELF = YES;
				CLANG_WARN_OBJC_LITERAL_CONVERSION = YES;
				CLANG_WARN_OBJC_ROOT_CLASS = YES_ERROR;
				CLANG_WARN_RANGE_LOOP_ANALYSIS = YES;
				CLANG_WARN_STRICT_PROTOTYPES = YES;
				CLANG_WARN_SUSPICIOUS_MOVE = YES;
				CLANG_WARN_UNGUARDED_AVAILABILITY = YES_AGGRESSIVE;
				CLANG_WARN_UNREACHABLE_CODE = YES;
				CLANG_WARN__DUPLICATE_METHOD_MATCH = YES;
				CODE_SIGN_IDENTITY = "iPhone Developer";
				COPY_PHASE_STRIP = NO;
				DEBUG_INFORMATION_FORMAT = "dwarf-with-dsym";
				ENABLE_NS_ASSERTIONS = NO;
				ENABLE_STRICT_OBJC_MSGSEND = YES;
				GCC_C_LANGUAGE_STANDARD = gnu11;
				GCC_NO_COMMON_BLOCKS = YES;
				GCC_WARN_64_TO_32_BIT_CONVERSION = YES;
				GCC_WARN_ABOUT_RETURN_TYPE = YES_ERROR;
				GCC_WARN_UNDECLARED_SELECTOR = YES;
				GCC_WARN_UNINITIALIZED_AUTOS = YES_AGGRESSIVE;
				GCC_WARN_UNUSED_FUNCTION = YES;
				GCC_WARN_UNUSED_VARIABLE = YES;
				IPHONEOS_DEPLOYMENT_TARGET = 12.2;
				MTL_ENABLE_DEBUG_INFO = NO;
				MTL_FAST_MATH = YES;
				SDKROOT = iphoneos;
				SWIFT_COMPILATION_MODE = wholemodule;
				SWIFT_OPTIMIZATION_LEVEL = "-O";
				VALIDATE_PRODUCT = YES;
			};
			name = Release;
		};
		B41430A122AD284800666A88 /* Debug */ = {
			isa = XCBuildConfiguration;
			buildSettings = {
				ASSETCATALOG_COMPILER_APPICON_NAME = AppIcon;
				CODE_SIGN_STYLE = Automatic;
				DEVELOPMENT_TEAM = 2PL2ZRQK8T;
				INFOPLIST_FILE = "Day17-TumblrMenu/Info.plist";
				LD_RUNPATH_SEARCH_PATHS = (
					"$(inherited)",
					"@executable_path/Frameworks",
				);
				PRODUCT_BUNDLE_IDENTIFIER = "com.mumu.Day17-TumblrMenu";
				PRODUCT_NAME = "$(TARGET_NAME)";
				SWIFT_VERSION = 5.0;
				TARGETED_DEVICE_FAMILY = "1,2";
			};
			name = Debug;
		};
		B41430A222AD284800666A88 /* Release */ = {
			isa = XCBuildConfiguration;
			buildSettings = {
				ASSETCATALOG_COMPILER_APPICON_NAME = AppIcon;
				CODE_SIGN_STYLE = Automatic;
				DEVELOPMENT_TEAM = 2PL2ZRQK8T;
				INFOPLIST_FILE = "Day17-TumblrMenu/Info.plist";
				LD_RUNPATH_SEARCH_PATHS = (
					"$(inherited)",
					"@executable_path/Frameworks",
				);
				PRODUCT_BUNDLE_IDENTIFIER = "com.mumu.Day17-TumblrMenu";
				PRODUCT_NAME = "$(TARGET_NAME)";
				SWIFT_VERSION = 5.0;
				TARGETED_DEVICE_FAMILY = "1,2";
			};
			name = Release;
		};
/* End XCBuildConfiguration section */

/* Begin XCConfigurationList section */
		B414308922AD284600666A88 /* Build configuration list for PBXProject "Day17-TumblrMenu" */ = {
			isa = XCConfigurationList;
			buildConfigurations = (
				B414309E22AD284800666A88 /* Debug */,
				B414309F22AD284800666A88 /* Release */,
			);
			defaultConfigurationIsVisible = 0;
			defaultConfigurationName = Release;
		};
		B41430A022AD284800666A88 /* Build configuration list for PBXNativeTarget "Day17-TumblrMenu" */ = {
			isa = XCConfigurationList;
			buildConfigurations = (
				B41430A122AD284800666A88 /* Debug */,
				B41430A222AD284800666A88 /* Release */,
			);
			defaultConfigurationIsVisible = 0;
			defaultConfigurationName = Release;
		};
/* End XCConfigurationList section */
	};
	rootObject = B414308622AD284600666A88 /* Project object */;
}
