// !$*UTF8*$!
{
	archiveVersion = 1;
	classes = {
	};
	objectVersion = 50;
	objects = {

/* Begin PBXBuildFile section */
		B40E587922AFF22A00F7B351 /* AppDelegate.swift in Sources */ = {isa = PBXBuildFile; fileRef = B40E587822AFF22A00F7B351 /* AppDelegate.swift */; };
		B40E587B22AFF22A00F7B351 /* ViewController.swift in Sources */ = {isa = PBXBuildFile; fileRef = B40E587A22AFF22A00F7B351 /* ViewController.swift */; };
		B40E587E22AFF22A00F7B351 /* Main.storyboard in Resources */ = {isa = PBXBuildFile; fileRef = B40E587C22AFF22A00F7B351 /* Main.storyboard */; };
		B40E588022AFF22D00F7B351 /* Assets.xcassets in Resources */ = {isa = PBXBuildFile; fileRef = B40E587F22AFF22D00F7B351 /* Assets.xcassets */; };
		B40E588322AFF22D00F7B351 /* LaunchScreen.storyboard in Resources */ = {isa = PBXBuildFile; fileRef = B40E588122AFF22D00F7B351 /* LaunchScreen.storyboard */; };
		B40E588C22AFF38600F7B351 /* AnimationCollectionViewCell.swift in Sources */ = {isa = PBXBuildFile; fileRef = B40E588A22AFF38600F7B351 /* AnimationCollectionViewCell.swift */; };
		B40E588D22AFF38600F7B351 /* AnimationCollectionViewCell.xib in Resources */ = {isa = PBXBuildFile; fileRef = B40E588B22AFF38600F7B351 /* AnimationCollectionViewCell.xib */; };
		B40E588F22AFF53E00F7B351 /* AnimationCellModel.swift in Sources */ = {isa = PBXBuildFile; fileRef = B40E588E22AFF53E00F7B351 /* AnimationCellModel.swift */; };
		B40E589122AFF68C00F7B351 /* AnimationImageCollection.swift in Sources */ = {isa = PBXBuildFile; fileRef = B40E589022AFF68C00F7B351 /* AnimationImageCollection.swift */; };
/* End PBXBuildFile section */

/* Begin PBXFileReference section */
		B40E587522AFF22A00F7B351 /* Day20-CollectionViewAnimation.app */ = {isa = PBXFileReference; explicitFileType = wrapper.application; includeInIndex = 0; path = "Day20-CollectionViewAnimation.app"; sourceTree = BUILT_PRODUCTS_DIR; };
		B40E587822AFF22A00F7B351 /* AppDelegate.swift */ = {isa = PBXFileReference; lastKnownFileType = sourcecode.swift; path = AppDelegate.swift; sourceTree = "<group>"; };
		B40E587A22AFF22A00F7B351 /* ViewController.swift */ = {isa = PBXFileReference; lastKnownFileType = sourcecode.swift; path = ViewController.swift; sourceTree = "<group>"; };
		B40E587D22AFF22A00F7B351 /* Base */ = {isa = PBXFileReference; lastKnownFileType = file.storyboard; name = Base; path = Base.lproj/Main.storyboard; sourceTree = "<group>"; };
		B40E587F22AFF22D00F7B351 /* Assets.xcassets */ = {isa = PBXFileReference; lastKnownFileType = folder.assetcatalog; path = Assets.xcassets; sourceTree = "<group>"; };
		B40E588222AFF22D00F7B351 /* Base */ = {isa = PBXFileReference; lastKnownFileType = file.storyboard; name = Base; path = Base.lproj/LaunchScreen.storyboard; sourceTree = "<group>"; };
		B40E588422AFF22D00F7B351 /* Info.plist */ = {isa = PBXFileReference; lastKnownFileType = text.plist.xml; path = Info.plist; sourceTree = "<group>"; };
		B40E588A22AFF38600F7B351 /* AnimationCollectionViewCell.swift */ = {isa = PBXFileReference; lastKnownFileType = sourcecode.swift; path = AnimationCollectionViewCell.swift; sourceTree = "<group>"; };
		B40E588B22AFF38600F7B351 /* AnimationCollectionViewCell.xib */ = {isa = PBXFileReference; lastKnownFileType = file.xib; path = AnimationCollectionViewCell.xib; sourceTree = "<group>"; };
		B40E588E22AFF53E00F7B351 /* AnimationCellModel.swift */ = {isa = PBXFileReference; lastKnownFileType = sourcecode.swift; path = AnimationCellModel.swift; sourceTree = "<group>"; };
		B40E589022AFF68C00F7B351 /* AnimationImageCollection.swift */ = {isa = PBXFileReference; lastKnownFileType = sourcecode.swift; path = AnimationImageCollection.swift; sourceTree = "<group>"; };
/* End PBXFileReference section */

/* Begin PBXFrameworksBuildPhase section */
		B40E587222AFF22A00F7B351 /* Frameworks */ = {
			isa = PBXFrameworksBuildPhase;
			buildActionMask = 2147483647;
			files = (
			);
			runOnlyForDeploymentPostprocessing = 0;
		};
/* End PBXFrameworksBuildPhase section */

/* Begin PBXGroup section */
		B40E586C22AFF22A00F7B351 = {
			isa = PBXGroup;
			children = (
				B40E587722AFF22A00F7B351 /* Day20-CollectionViewAnimation */,
				B40E587622AFF22A00F7B351 /* Products */,
			);
			sourceTree = "<group>";
		};
		B40E587622AFF22A00F7B351 /* Products */ = {
			isa = PBXGroup;
			children = (
				B40E587522AFF22A00F7B351 /* Day20-CollectionViewAnimation.app */,
			);
			name = Products;
			sourceTree = "<group>";
		};
		B40E587722AFF22A00F7B351 /* Day20-CollectionViewAnimation */ = {
			isa = PBXGroup;
			children = (
				B40E587822AFF22A00F7B351 /* AppDelegate.swift */,
				B40E587A22AFF22A00F7B351 /* ViewController.swift */,
				B40E587C22AFF22A00F7B351 /* Main.storyboard */,
				B40E587F22AFF22D00F7B351 /* Assets.xcassets */,
				B40E588122AFF22D00F7B351 /* LaunchScreen.storyboard */,
				B40E588422AFF22D00F7B351 /* Info.plist */,
				B40E588A22AFF38600F7B351 /* AnimationCollectionViewCell.swift */,
				B40E588B22AFF38600F7B351 /* AnimationCollectionViewCell.xib */,
				B40E588E22AFF53E00F7B351 /* AnimationCellModel.swift */,
				B40E589022AFF68C00F7B351 /* AnimationImageCollection.swift */,
			);
			path = "Day20-CollectionViewAnimation";
			sourceTree = "<group>";
		};
/* End PBXGroup section */

/* Begin PBXNativeTarget section */
		B40E587422AFF22A00F7B351 /* Day20-CollectionViewAnimation */ = {
			isa = PBXNativeTarget;
			buildConfigurationList = B40E588722AFF22D00F7B351 /* Build configuration list for PBXNativeTarget "Day20-CollectionViewAnimation" */;
			buildPhases = (
				B40E587122AFF22A00F7B351 /* Sources */,
				B40E587222AFF22A00F7B351 /* Frameworks */,
				B40E587322AFF22A00F7B351 /* Resources */,
			);
			buildRules = (
			);
			dependencies = (
			);
			name = "Day20-CollectionViewAnimation";
			productName = "Day20-CollectionViewAnimation";
			productReference = B40E587522AFF22A00F7B351 /* Day20-CollectionViewAnimation.app */;
			productType = "com.apple.product-type.application";
		};
/* End PBXNativeTarget section */

/* Begin PBXProject section */
		B40E586D22AFF22A00F7B351 /* Project object */ = {
			isa = PBXProject;
			attributes = {
				LastSwiftUpdateCheck = 1020;
				LastUpgradeCheck = 1020;
				ORGANIZATIONNAME = "王林";
				TargetAttributes = {
					B40E587422AFF22A00F7B351 = {
						CreatedOnToolsVersion = 10.2.1;
					};
				};
			};
			buildConfigurationList = B40E587022AFF22A00F7B351 /* Build configuration list for PBXProject "Day20-CollectionViewAnimation" */;
			compatibilityVersion = "Xcode 9.3";
			developmentRegion = en;
			hasScannedForEncodings = 0;
			knownRegions = (
				en,
				Base,
			);
			mainGroup = B40E586C22AFF22A00F7B351;
			productRefGroup = B40E587622AFF22A00F7B351 /* Products */;
			projectDirPath = "";
			projectRoot = "";
			targets = (
				B40E587422AFF22A00F7B351 /* Day20-CollectionViewAnimation */,
			);
		};
/* End PBXProject section */

/* Begin PBXResourcesBuildPhase section */
		B40E587322AFF22A00F7B351 /* Resources */ = {
			isa = PBXResourcesBuildPhase;
			buildActionMask = 2147483647;
			files = (
				B40E588322AFF22D00F7B351 /* LaunchScreen.storyboard in Resources */,
				B40E588022AFF22D00F7B351 /* Assets.xcassets in Resources */,
				B40E587E22AFF22A00F7B351 /* Main.storyboard in Resources */,
				B40E588D22AFF38600F7B351 /* AnimationCollectionViewCell.xib in Resources */,
			);
			runOnlyForDeploymentPostprocessing = 0;
		};
/* End PBXResourcesBuildPhase section */

/* Begin PBXSourcesBuildPhase section */
		B40E587122AFF22A00F7B351 /* Sources */ = {
			isa = PBXSourcesBuildPhase;
			buildActionMask = 2147483647;
			files = (
				B40E588F22AFF53E00F7B351 /* AnimationCellModel.swift in Sources */,
				B40E589122AFF68C00F7B351 /* AnimationImageCollection.swift in Sources */,
				B40E587B22AFF22A00F7B351 /* ViewController.swift in Sources */,
				B40E587922AFF22A00F7B351 /* AppDelegate.swift in Sources */,
				B40E588C22AFF38600F7B351 /* AnimationCollectionViewCell.swift in Sources */,
			);
			runOnlyForDeploymentPostprocessing = 0;
		};
/* End PBXSourcesBuildPhase section */

/* Begin PBXVariantGroup section */
		B40E587C22AFF22A00F7B351 /* Main.storyboard */ = {
			isa = PBXVariantGroup;
			children = (
				B40E587D22AFF22A00F7B351 /* Base */,
			);
			name = Main.storyboard;
			sourceTree = "<group>";
		};
		B40E588122AFF22D00F7B351 /* LaunchScreen.storyboard */ = {
			isa = PBXVariantGroup;
			children = (
				B40E588222AFF22D00F7B351 /* Base */,
			);
			name = LaunchScreen.storyboard;
			sourceTree = "<group>";
		};
/* End PBXVariantGroup section */

/* Begin XCBuildConfiguration section */
		B40E588522AFF22D00F7B351 /* Debug */ = {
			isa = XCBuildConfiguration;
			buildSettings = {
				ALWAYS_SEARCH_USER_PATHS = NO;
				CLANG_ANALYZER_NONNULL = YES;
				CLANG_ANALYZER_NUMBER_OBJECT_CONVERSION = YES_AGGRESSIVE;
				CLANG_CXX_LANGUAGE_STANDARD = "gnu++14";
				CLANG_CXX_LIBRARY = "libc++";
				CLANG_ENABLE_MODULES = YES;
				CLANG_ENABLE_OBJC_ARC = YES;
				CLANG_ENABLE_OBJC_WEAK = YES;
				CLANG_WARN_BLOCK_CAPTURE_AUTORELEASING = YES;
				CLANG_WARN_BOOL_CONVERSION = YES;
				CLANG_WARN_COMMA = YES;
				CLANG_WARN_CONSTANT_CONVERSION = YES;
				CLANG_WARN_DEPRECATED_OBJC_IMPLEMENTATIONS = YES;
				CLANG_WARN_DIRECT_OBJC_ISA_USAGE = YES_ERROR;
				CLANG_WARN_DOCUMENTATION_COMMENTS = YES;
				CLANG_WARN_EMPTY_BODY = YES;
				CLANG_WARN_ENUM_CONVERSION = YES;
				CLANG_WARN_INFINITE_RECURSION = YES;
				CLANG_WARN_INT_CONVERSION = YES;
				CLANG_WARN_NON_LITERAL_NULL_CONVERSION = YES;
				CLANG_WARN_OBJC_IMPLICIT_RETAIN_SELF = YES;
				CLANG_WARN_OBJC_LITERAL_CONVERSION = YES;
				CLANG_WARN_OBJC_ROOT_CLASS = YES_ERROR;
				CLANG_WARN_RANGE_LOOP_ANALYSIS = YES;
				CLANG_WARN_STRICT_PROTOTYPES = YES;
				CLANG_WARN_SUSPICIOUS_MOVE = YES;
				CLANG_WARN_UNGUARDED_AVAILABILITY = YES_AGGRESSIVE;
				CLANG_WARN_UNREACHABLE_CODE = YES;
				CLANG_WARN__DUPLICATE_METHOD_MATCH = YES;
				CODE_SIGN_IDENTITY = "iPhone Developer";
				COPY_PHASE_STRIP = NO;
				DEBUG_INFORMATION_FORMAT = dwarf;
				ENABLE_STRICT_OBJC_MSGSEND = YES;
				ENABLE_TESTABILITY = YES;
				GCC_C_LANGUAGE_STANDARD = gnu11;
				GCC_DYNAMIC_NO_PIC = NO;
				GCC_NO_COMMON_BLOCKS = YES;
				GCC_OPTIMIZATION_LEVEL = 0;
				GCC_PREPROCESSOR_DEFINITIONS = (
					"DEBUG=1",
					"$(inherited)",
				);
				GCC_WARN_64_TO_32_BIT_CONVERSION = YES;
				GCC_WARN_ABOUT_RETURN_TYPE = YES_ERROR;
				GCC_WARN_UNDECLARED_SELECTOR = YES;
				GCC_WARN_UNINITIALIZED_AUTOS = YES_AGGRESSIVE;
				GCC_WARN_UNUSED_FUNCTION = YES;
				GCC_WARN_UNUSED_VARIABLE = YES;
				IPHONEOS_DEPLOYMENT_TARGET = 12.2;
				MTL_ENABLE_DEBUG_INFO = INCLUDE_SOURCE;
				MTL_FAST_MATH = YES;
				ONLY_ACTIVE_ARCH = YES;
				SDKROOT = iphoneos;
				SWIFT_ACTIVE_COMPILATION_CONDITIONS = DEBUG;
				SWIFT_OPTIMIZATION_LEVEL = "-Onone";
			};
			name = Debug;
		};
		B40E588622AFF22D00F7B351 /* Release */ = {
			isa = XCBuildConfiguration;
			buildSettings = {
				ALWAYS_SEARCH_USER_PATHS = NO;
				CLANG_ANALYZER_NONNULL = YES;
				CLANG_ANALYZER_NUMBER_OBJECT_CONVERSION = YES_AGGRESSIVE;
				CLANG_CXX_LANGUAGE_STANDARD = "gnu++14";
				CLANG_CXX_LIBRARY = "libc++";
				CLANG_ENABLE_MODULES = YES;
				CLANG_ENABLE_OBJC_ARC = YES;
				CLANG_ENABLE_OBJC_WEAK = YES;
				CLANG_WARN_BLOCK_CAPTURE_AUTORELEASING = YES;
				CLANG_WARN_BOOL_CONVERSION = YES;
				CLANG_WARN_COMMA = YES;
				CLANG_WARN_CONSTANT_CONVERSION = YES;
				CLANG_WARN_DEPRECATED_OBJC_IMPLEMENTATIONS = YES;
				CLANG_WARN_DIRECT_OBJC_ISA_USAGE = YES_ERROR;
				CLANG_WARN_DOCUMENTATION_COMMENTS = YES;
				CLANG_WARN_EMPTY_BODY = YES;
				CLANG_WARN_ENUM_CONVERSION = YES;
				CLANG_WARN_INFINITE_RECURSION = YES;
				CLANG_WARN_INT_CONVERSION = YES;
				CLANG_WARN_NON_LITERAL_NULL_CONVERSION = YES;
				CLANG_WARN_OBJC_IMPLICIT_RETAIN_SELF = YES;
				CLANG_WARN_OBJC_LITERAL_CONVERSION = YES;
				CLANG_WARN_OBJC_ROOT_CLASS = YES_ERROR;
				CLANG_WARN_RANGE_LOOP_ANALYSIS = YES;
				CLANG_WARN_STRICT_PROTOTYPES = YES;
				CLANG_WARN_SUSPICIOUS_MOVE = YES;
				CLANG_WARN_UNGUARDED_AVAILABILITY = YES_AGGRESSIVE;
				CLANG_WARN_UNREACHABLE_CODE = YES;
				CLANG_WARN__DUPLICATE_METHOD_MATCH = YES;
				CODE_SIGN_IDENTITY = "iPhone Developer";
				COPY_PHASE_STRIP = NO;
				DEBUG_INFORMATION_FORMAT = "dwarf-with-dsym";
				ENABLE_NS_ASSERTIONS = NO;
				ENABLE_STRICT_OBJC_MSGSEND = YES;
				GCC_C_LANGUAGE_STANDARD = gnu11;
				GCC_NO_COMMON_BLOCKS = YES;
				GCC_WARN_64_TO_32_BIT_CONVERSION = YES;
				GCC_WARN_ABOUT_RETURN_TYPE = YES_ERROR;
				GCC_WARN_UNDECLARED_SELECTOR = YES;
				GCC_WARN_UNINITIALIZED_AUTOS = YES_AGGRESSIVE;
				GCC_WARN_UNUSED_FUNCTION = YES;
				GCC_WARN_UNUSED_VARIABLE = YES;
				IPHONEOS_DEPLOYMENT_TARGET = 12.2;
				MTL_ENABLE_DEBUG_INFO = NO;
				MTL_FAST_MATH = YES;
				SDKROOT = iphoneos;
				SWIFT_COMPILATION_MODE = wholemodule;
				SWIFT_OPTIMIZATION_LEVEL = "-O";
				VALIDATE_PRODUCT = YES;
			};
			name = Release;
		};
		B40E588822AFF22D00F7B351 /* Debug */ = {
			isa = XCBuildConfiguration;
			buildSettings = {
				ASSETCATALOG_COMPILER_APPICON_NAME = AppIcon;
				CODE_SIGN_STYLE = Automatic;
				DEVELOPMENT_TEAM = 2PL2ZRQK8T;
				INFOPLIST_FILE = "Day20-CollectionViewAnimation/Info.plist";
				LD_RUNPATH_SEARCH_PATHS = (
					"$(inherited)",
					"@executable_path/Frameworks",
				);
				PRODUCT_BUNDLE_IDENTIFIER = "com.mumu.Day20-CollectionViewAnimation";
				PRODUCT_NAME = "$(TARGET_NAME)";
				SWIFT_VERSION = 5.0;
				TARGETED_DEVICE_FAMILY = "1,2";
			};
			name = Debug;
		};
		B40E588922AFF22D00F7B351 /* Release */ = {
			isa = XCBuildConfiguration;
			buildSettings = {
				ASSETCATALOG_COMPILER_APPICON_NAME = AppIcon;
				CODE_SIGN_STYLE = Automatic;
				DEVELOPMENT_TEAM = 2PL2ZRQK8T;
				INFOPLIST_FILE = "Day20-CollectionViewAnimation/Info.plist";
				LD_RUNPATH_SEARCH_PATHS = (
					"$(inherited)",
					"@executable_path/Frameworks",
				);
				PRODUCT_BUNDLE_IDENTIFIER = "com.mumu.Day20-CollectionViewAnimation";
				PRODUCT_NAME = "$(TARGET_NAME)";
				SWIFT_VERSION = 5.0;
				TARGETED_DEVICE_FAMILY = "1,2";
			};
			name = Release;
		};
/* End XCBuildConfiguration section */

/* Begin XCConfigurationList section */
		B40E587022AFF22A00F7B351 /* Build configuration list for PBXProject "Day20-CollectionViewAnimation" */ = {
			isa = XCConfigurationList;
			buildConfigurations = (
				B40E588522AFF22D00F7B351 /* Debug */,
				B40E588622AFF22D00F7B351 /* Release */,
			);
			defaultConfigurationIsVisible = 0;
			defaultConfigurationName = Release;
		};
		B40E588722AFF22D00F7B351 /* Build configuration list for PBXNativeTarget "Day20-CollectionViewAnimation" */ = {
			isa = XCConfigurationList;
			buildConfigurations = (
				B40E588822AFF22D00F7B351 /* Debug */,
				B40E588922AFF22D00F7B351 /* Release */,
			);
			defaultConfigurationIsVisible = 0;
			defaultConfigurationName = Release;
		};
/* End XCConfigurationList section */
	};
	rootObject = B40E586D22AFF22A00F7B351 /* Project object */;
}
